
Microsoft Visual Studio Solution File, Format Version 12.00
# Visual Studio Version 17
VisualStudioVersion = 17.8.34330.188
MinimumVisualStudioVersion = 10.0.40219.1
Project("{FAE04EC0-301F-11D3-BF4B-00C04F79EFBC}") = "interfaz", "interfaz\interfaz.csproj", "{236BAB20-A258-4407-B2CC-3A0D1A65F0AA}"
EndProject
Project("{FAE04EC0-301F-11D3-BF4B-00C04F79EFBC}") = "dominio", "dominio\dominio.csproj", "{C0D3B94E-6524-473E-8A9A-DFB9960E6CC8}"
EndProject
Project("{FAE04EC0-301F-11D3-BF4B-00C04F79EFBC}") = "negocio", "negocio\negocio.csproj", "{B13A921F-EA6F-4583-9223-BEAB0813F8E5}"
EndProject
Project("{FAE04EC0-301F-11D3-BF4B-00C04F79EFBC}") = "Helper", "Helper\Helper.csproj", "{11EA2E35-8DC4-4A73-9C38-6856FE2432A2}"
EndProject
Global
	GlobalSection(SolutionConfigurationPlatforms) = preSolution
		Debug|Any CPU = Debug|Any CPU
		Release|Any CPU = Release|Any CPU
	EndGlobalSection
	GlobalSection(ProjectConfigurationPlatforms) = postSolution
		{236BAB20-A258-4407-B2CC-3A0D1A65F0AA}.Debug|Any CPU.ActiveCfg = Debug|Any CPU
		{236BAB20-A258-4407-B2CC-3A0D1A65F0AA}.Debug|Any CPU.Build.0 = Debug|Any CPU
		{236BAB20-A258-4407-B2CC-3A0D1A65F0AA}.Release|Any CPU.ActiveCfg = Release|Any CPU
		{236BAB20-A258-4407-B2CC-3A0D1A65F0AA}.Release|Any CPU.Build.0 = Release|Any CPU
		{C0D3B94E-6524-473E-8A9A-DFB9960E6CC8}.Debug|Any CPU.ActiveCfg = Debug|Any CPU
		{C0D3B94E-6524-473E-8A9A-DFB9960E6CC8}.Debug|Any CPU.Build.0 = Debug|Any CPU
		{C0D3B94E-6524-473E-8A9A-DFB9960E6CC8}.Release|Any CPU.ActiveCfg = Release|Any CPU
		{C0D3B94E-6524-473E-8A9A-DFB9960E6CC8}.Release|Any CPU.Build.0 = Release|Any CPU
		{B13A921F-EA6F-4583-9223-BEAB0813F8E5}.Debug|Any CPU.ActiveCfg = Debug|Any CPU
		{B13A921F-EA6F-4583-9223-BEAB0813F8E5}.Debug|Any CPU.Build.0 = Debug|Any CPU
		{B13A921F-EA6F-4583-9223-BEAB0813F8E5}.Release|Any CPU.ActiveCfg = Release|Any CPU
		{B13A921F-EA6F-4583-9223-BEAB0813F8E5}.Release|Any CPU.Build.0 = Release|Any CPU
		{11EA2E35-8DC4-4A73-9C38-6856FE2432A2}.Debug|Any CPU.ActiveCfg = Debug|Any CPU
		{11EA2E35-8DC4-4A73-9C38-6856FE2432A2}.Debug|Any CPU.Build.0 = Debug|Any CPU
		{11EA2E35-8DC4-4A73-9C38-6856FE2432A2}.Release|Any CPU.ActiveCfg = Release|Any CPU
		{11EA2E35-8DC4-4A73-9C38-6856FE2432A2}.Release|Any CPU.Build.0 = Release|Any CPU
	EndGlobalSection
	GlobalSection(SolutionProperties) = preSolution
		HideSolutionNode = FALSE
	EndGlobalSection
	GlobalSection(ExtensibilityGlobals) = postSolution
		SolutionGuid = {486607FC-AB3D-400D-A1E0-BD726569326B}
	EndGlobalSection
EndGlobal
